
Microsoft Visual Studio Solution File, Format Version 12.00
# Visual Studio Version 16
VisualStudioVersion = 16.0.29123.88
MinimumVisualStudioVersion = 10.0.40219.1
Project("{FAE04EC0-301F-11D3-BF4B-00C04F79EFBC}") = "HORSE", "HORSE\HORSE.csproj", "{4314DF48-C7D2-4F5E-8FBD-C94D118CE9E4}"
EndProject
Global
	GlobalSection(SolutionConfigurationPlatforms) = preSolution
		Debug|Any CPU = Debug|Any CPU
		Release|Any CPU = Release|Any CPU
	EndGlobalSection
	GlobalSection(ProjectConfigurationPlatforms) = postSolution
		{4314DF48-C7D2-4F5E-8FBD-C94D118CE9E4}.Debug|Any CPU.ActiveCfg = Debug|Any CPU
		{4314DF48-C7D2-4F5E-8FBD-C94D118CE9E4}.Debug|Any CPU.Build.0 = Debug|Any CPU
		{4314DF48-C7D2-4F5E-8FBD-C94D118CE9E4}.Release|Any CPU.ActiveCfg = Release|Any CPU
		{4314DF48-C7D2-4F5E-8FBD-C94D118CE9E4}.Release|Any CPU.Build.0 = Release|Any CPU
	EndGlobalSection
	GlobalSection(SolutionProperties) = preSolution
		HideSolutionNode = FALSE
	EndGlobalSection
	GlobalSection(ExtensibilityGlobals) = postSolution
		SolutionGuid = {434A2C3E-A39A-4430-BDA0-5122B11CA59A}
	EndGlobalSection
EndGlobal
